{
  "lockfile_version": "1",
  "packages": {
    "antlr@4.13.2": {
      "last_modified": "2026-03-21T07:29:51Z",
      "resolved": "github:NixOS/nixpkgs/09061f748ee21f68a089cd5d91ec1859cd93d0be#antlr",
      "source": "devbox-search",
      "version": "4.13.2",
      "systems": {
        "aarch64-darwin": {
          "outputs": [
            {
              "name": "out",
              "path": "/nix/store/hp84mfzm1z5m9j8ax6bhjxf2bbg1mza7-antlr-4.13.2",
              "default": true
            }
          ],
          "store_path": "/nix/store/hp84mfzm1z5m9j8ax6bhjxf2bbg1mza7-antlr-4.13.2"
        },
        "aarch64-linux": {
          "outputs": [
            {
              "name": "out",
              "path": "/nix/store/623k7nkki766rg79l4bz34sp5ch29ira-antlr-4.13.2",
              "default": true
            }
          ],
          "store_path": "/nix/store/623k7nkki766rg79l4bz34sp5ch29ira-antlr-4.13.2"
        },
        "x86_64-darwin": {
          "outputs": [
            {
              "name": "out",
              "path": "/nix/store/2lw6h21jffaidxasf922gsvafag9h695-antlr-4.13.2",
              "default": true
            }
          ],
          "store_path": "/nix/store/2lw6h21jffaidxasf922gsvafag9h695-antlr-4.13.2"
        },
        "x86_64-linux": {
          "outputs": [
            {
              "name": "out",
              "path": "/nix/store/a9qkvl2wsymvf03k8dw8fs47kyqmb969-antlr-4.13.2",
              "default": true
            }
          ],
          "store_path": "/nix/store/a9qkvl2wsymvf03k8dw8fs47kyqmb969-antlr-4.13.2"
        }
      }
    },
    "gettext@0.25.1": {
      "last_modified": "2026-02-19T06:30:45Z",
      "resolved": "github:NixOS/nixpkgs/724cf38d99ba81fbb4a347081db93e2e3a9bc2ae#gettext",
      "source": "devbox-search",
      "version": "0.25.1",
      "systems": {
        "aarch64-darwin": {
          "outputs": [
            {
              "name": "out",
              "path": "/nix/store/xg49w6cvjihlcrf3sj6qpcmzhyf8vjfj-gettext-0.25.1",
              "default": true
            },
            {
              "name": "man",
              "path": "/nix/store/2mbra0868s6s7cl7fb2plc3zi8i254q7-gettext-0.25.1-man",
              "default": true
            },
            {
              "name": "doc",
              "path": "/nix/store/f7fp2zv5giysm12hn2mq00c72wzndmm4-gettext-0.25.1-doc"
            },
            {
              "name": "info",
              "path": "/nix/store/c4ds64rmr966v3vw8jfkrdlq18g2qa8q-gettext-0.25.1-info"
            }
          ],
          "store_path": "/nix/store/xg49w6cvjihlcrf3sj6qpcmzhyf8vjfj-gettext-0.25.1"
        },
        "aarch64-linux": {
          "outputs": [
            {
              "name": "out",
              "path": "/nix/store/a6sdsa1n6l44fb1nghajd7nyhr1q0h1l-gettext-0.25.1",
              "default": true
            },
            {
              "name": "man",
              "path": "/nix/store/h8q48f0327h3kflr8li0lcyi007q1904-gettext-0.25.1-man",
              "default": true
            },
            {
              "name": "doc",
              "path": "/nix/store/ksy3gz9vqda66krskbsj0h1dmizjg9dj-gettext-0.25.1-doc"
            },
            {
              "name": "info",
              "path": "/nix/store/kxpi2jkl91001nqvw3jj9ldd34bziana-gettext-0.25.1-info"
            }
          ],
          "store_path": "/nix/store/a6sdsa1n6l44fb1nghajd7nyhr1q0h1l-gettext-0.25.1"
        },
        "x86_64-darwin": {
          "outputs": [
            {
              "name": "out",
              "path": "/nix/store/p32d6qfmfc9f9rnvm79r4j4xwi5vcwgs-gettext-0.25.1",
              "default": true
            },
            {
              "name": "man",
              "path": "/nix/store/2v1rw62h3wq4ha0rvspb66vz0x9cfwa7-gettext-0.25.1-man",
              "default": true
            },
            {
              "name": "info",
              "path": "/nix/store/169jj31sbaicf9lm9q2bm29vg68hwrvm-gettext-0.25.1-info"
            },
            {
              "name": "doc",
              "path": "/nix/store/8ahmwn8ldxk35k5af0zhy517826v3770-gettext-0.25.1-doc"
            }
          ],
          "store_path": "/nix/store/p32d6qfmfc9f9rnvm79r4j4xwi5vcwgs-gettext-0.25.1"
        },
        "x86_64-linux": {
          "outputs": [
            {
              "name": "out",
              "path": "/nix/store/ykz6g9bnl3kka132wiw355rzk0bibdqn-gettext-0.25.1",
              "default": true
            },
            {
              "name": "man",
              "path": "/nix/store/hs6913rgl0i07dsf3l8hscd04813i9k2-gettext-0.25.1-man",
              "default": true
            },
            {
              "name": "info",
              "path": "/nix/store/lazr50097y6g57vk3gvb6h281f7kv760-gettext-0.25.1-info"
            },
            {
              "name": "doc",
              "path": "/nix/store/54hidjjwjz44c4xmvg48kx2ar5c5p91s-gettext-0.25.1-doc"
            }
          ],
          "store_path": "/nix/store/ykz6g9bnl3kka132wiw355rzk0bibdqn-gettext-0.25.1"
        }
      }
    },
    "gh@2.87.3": {
      "last_modified": "2026-02-26T05:06:13Z",
      "resolved": "github:NixOS/nixpkgs/26eaeac4e409d7b5a6bf6f90a2a2dc223c78d915#gh",
      "source": "devbox-search",
      "version": "2.87.3",
      "systems": {
        "aarch64-darwin": {
          "outputs": [
            {
              "name": "out",
              "path": "/nix/store/gkpngbiz6fys2nsxgxcd454j4ph78wxb-gh-2.87.3",
              "default": true
            }
          ],
          "store_path": "/nix/store/gkpngbiz6fys2nsxgxcd454j4ph78wxb-gh-2.87.3"
        },
        "aarch64-linux": {
          "outputs": [
            {
              "name": "out",
              "path": "/nix/store/arwzxdy2ba1p4ak0b55ln1a5xvxdws4c-gh-2.87.3",
              "default": true
            }
          ],
          "store_path": "/nix/store/arwzxdy2ba1p4ak0b55ln1a5xvxdws4c-gh-2.87.3"
        },
        "x86_64-darwin": {
          "outputs": [
            {
              "name": "out",
              "path": "/nix/store/b7cbk3r89jy5xgcvyd5nf087bbyljl9v-gh-2.87.3",
              "default": true
            }
          ],
          "store_path": "/nix/store/b7cbk3r89jy5xgcvyd5nf087bbyljl9v-gh-2.87.3"
        },
        "x86_64-linux": {
          "outputs": [
            {
              "name": "out",
              "path": "/nix/store/x0nqj95k7dbxw4d1vvsckqgl6lhmxhf1-gh-2.87.3",
              "default": true
            }
          ],
          "store_path": "/nix/store/x0nqj95k7dbxw4d1vvsckqgl6lhmxhf1-gh-2.87.3"
        }
      }
    },
    "github:NixOS/nixpkgs/nixpkgs-unstable": {
      "last_modified": "2026-04-11T06:17:25Z",
      "resolved": "github:NixOS/nixpkgs/13043924aaa7375ce482ebe2494338e058282925?lastModified=1775888245&narHash=sha256-nwASzrRDD1JBEu%2Fo8ekKYEXm%2FoJW6EMCzCRdrwcLe90%3D"
    },
    "gojq@0.12.18": {
      "last_modified": "2026-03-21T07:29:51Z",
      "resolved": "github:NixOS/nixpkgs/09061f748ee21f68a089cd5d91ec1859cd93d0be#gojq",
      "source": "devbox-search",
      "version": "0.12.18",
      "systems": {
        "aarch64-darwin": {
          "outputs": [
            {
              "name": "out",
              "path": "/nix/store/7wj91gnh393qx459460n7nk735248mia-gojq-0.12.18",
              "default": true
            }
          ],
          "store_path": "/nix/store/7wj91gnh393qx459460n7nk735248mia-gojq-0.12.18"
        },
        "aarch64-linux": {
          "outputs": [
            {
              "name": "out",
              "path": "/nix/store/ls0dsjk0al09pm8lrz7q8h2gs7vb8qin-gojq-0.12.18",
              "default": true
            }
          ],
          "store_path": "/nix/store/ls0dsjk0al09pm8lrz7q8h2gs7vb8qin-gojq-0.12.18"
        },
        "x86_64-darwin": {
          "outputs": [
            {
              "name": "out",
              "path": "/nix/store/v27jxmx595xkhgc77wpff21cblfmvzys-gojq-0.12.18",
              "default": true
            }
          ],
          "store_path": "/nix/store/v27jxmx595xkhgc77wpff21cblfmvzys-gojq-0.12.18"
        },
        "x86_64-linux": {
          "outputs": [
            {
              "name": "out",
              "path": "/nix/store/7m7m2pkx68xhymq35wgqwdnk6kl8ya9g-gojq-0.12.18",
              "default": true
            }
          ],
          "store_path": "/nix/store/7m7m2pkx68xhymq35wgqwdnk6kl8ya9g-gojq-0.12.18"
        }
      }
    },
    "gomplate@4.3.3": {
      "last_modified": "2026-02-23T15:40:43Z",
      "resolved": "github:NixOS/nixpkgs/80d901ec0377e19ac3f7bb8c035201e2e098cc97#gomplate",
      "source": "devbox-search",
      "version": "4.3.3",
      "systems": {
        "aarch64-darwin": {
          "outputs": [
            {
              "name": "out",
              "path": "/nix/store/h7mx147xwa54xhway7fvmix3y9mlxwzi-gomplate-4.3.3",
              "default": true
            }
          ],
          "store_path": "/nix/store/h7mx147xwa54xhway7fvmix3y9mlxwzi-gomplate-4.3.3"
        },
        "aarch64-linux": {
          "outputs": [
            {
              "name": "out",
              "path": "/nix/store/iiyfcrnddpzvbx4jasblmiyba46j4jzj-gomplate-4.3.3",
              "default": true
            }
          ],
          "store_path": "/nix/store/iiyfcrnddpzvbx4jasblmiyba46j4jzj-gomplate-4.3.3"
        },
        "x86_64-darwin": {
          "outputs": [
            {
              "name": "out",
              "path": "/nix/store/2r8y9mrfis4410pfjvig7g6lm2qhwvlv-gomplate-4.3.3",
              "default": true
            }
          ],
          "store_path": "/nix/store/2r8y9mrfis4410pfjvig7g6lm2qhwvlv-gomplate-4.3.3"
        },
        "x86_64-linux": {
          "outputs": [
            {
              "name": "out",
              "path": "/nix/store/xm7ca21mgv5dycrcyvq87m3sppa4chhi-gomplate-4.3.3",
              "default": true
            }
          ],
          "store_path": "/nix/store/xm7ca21mgv5dycrcyvq87m3sppa4chhi-gomplate-4.3.3"
        }
      }
    },
    "nodejs@24.12.0": {
      "last_modified": "2025-12-29T16:45:58Z",
      "plugin_version": "0.0.2",
      "resolved": "github:NixOS/nixpkgs/346dd96ad74dc4457a9db9de4f4f57dab2e5731d#nodejs_24",
      "source": "devbox-search",
      "version": "24.12.0",
      "systems": {
        "aarch64-darwin": {
          "outputs": [
            {
              "name": "out",
              "path": "/nix/store/b1h0af3yb3z9jz048phclcqw6ihiww67-nodejs-24.12.0",
              "default": true
            },
            {
              "name": "dev",
              "path": "/nix/store/ksn4nj0nbp0ikmh4scy9x4biqqdswwhy-nodejs-24.12.0-dev"
            },
            {
              "name": "libv8",
              "path": "/nix/store/3x72bm7l30ib7l7cximrp0sklcq8jqwy-nodejs-24.12.0-libv8"
            }
          ],
          "store_path": "/nix/store/b1h0af3yb3z9jz048phclcqw6ihiww67-nodejs-24.12.0"
        },
        "aarch64-linux": {
          "outputs": [
            {
              "name": "out",
              "path": "/nix/store/9jfsyhcr9c6rpm94lrkibv75jkggvwss-nodejs-24.12.0",
              "default": true
            },
            {
              "name": "dev",
              "path": "/nix/store/7izhv9x1yvsmyrhmmyps6bxjjclajm80-nodejs-24.12.0-dev"
            },
            {
              "name": "libv8",
              "path": "/nix/store/8hl74pnc1qyz68rg10ixw7fz32hcxqkk-nodejs-24.12.0-libv8"
            }
          ],
          "store_path": "/nix/store/9jfsyhcr9c6rpm94lrkibv75jkggvwss-nodejs-24.12.0"
        },
        "x86_64-darwin": {
          "outputs": [
            {
              "name": "out",
              "path": "/nix/store/cj1243xswxvnwgifyiyg8axhn0r2vl48-nodejs-24.12.0",
              "default": true
            },
            {
              "name": "dev",
              "path": "/nix/store/kzia3rkaf9vwpn3py23q9v49jpjm6zx7-nodejs-24.12.0-dev"
            },
            {
              "name": "libv8",
              "path": "/nix/store/xszji81xj7ghjhz7jk0jkhb84nfwyd8f-nodejs-24.12.0-libv8"
            }
          ],
          "store_path": "/nix/store/cj1243xswxvnwgifyiyg8axhn0r2vl48-nodejs-24.12.0"
        },
        "x86_64-linux": {
          "outputs": [
            {
              "name": "out",
              "path": "/nix/store/9z1v3wyrxp6fpyzw21lcakd5w7aknzyc-nodejs-24.12.0",
              "default": true
            },
            {
              "name": "libv8",
              "path": "/nix/store/5yvx909wlis13qd2y1ahwl7ij21ma69a-nodejs-24.12.0-libv8"
            },
            {
              "name": "dev",
              "path": "/nix/store/7ll99p08gmpg0n048669p80zjibl5akr-nodejs-24.12.0-dev"
            }
          ],
          "store_path": "/nix/store/9z1v3wyrxp6fpyzw21lcakd5w7aknzyc-nodejs-24.12.0"
        }
      }
    },
    "qpdf@12.3.2": {
      "last_modified": "2026-04-07T16:32:49Z",
      "resolved": "github:NixOS/nixpkgs/dfd9566f82a6e1d55c30f861879186440614696e#qpdf",
      "source": "devbox-search",
      "version": "12.3.2",
      "systems": {
        "aarch64-darwin": {
          "outputs": [
            {
              "name": "bin",
              "path": "/nix/store/9533dvn7r9p41hphb05ypy904llypmg3-qpdf-12.3.2-bin",
              "default": true
            },
            {
              "name": "man",
              "path": "/nix/store/92nj83dl3ajbmkyvhbg8y7j52dw2fpmn-qpdf-12.3.2-man",
              "default": true
            },
            {
              "name": "doc",
              "path": "/nix/store/c5ckvm7wv5jsr79c715mz7bbv6asbc4k-qpdf-12.3.2-doc"
            },
            {
              "name": "lib",
              "path": "/nix/store/knlm7flav387cyyvmmgg219pcsapccvr-qpdf-12.3.2-lib"
            },
            {
              "name": "out",
              "path": "/nix/store/61y4lymagnlr8145zw3ly1x72d3qzzvp-qpdf-12.3.2"
            }
          ],
          "store_path": "/nix/store/9533dvn7r9p41hphb05ypy904llypmg3-qpdf-12.3.2-bin"
        },
        "aarch64-linux": {
          "outputs": [
            {
              "name": "bin",
              "path": "/nix/store/f2qy0am39n3my1fcx69pp8qj0fyjv5r6-qpdf-12.3.2-bin",
              "default": true
            },
            {
              "name": "man",
              "path": "/nix/store/5qmbrgks9v84r9p2s1hqbagiwr7rlvpa-qpdf-12.3.2-man",
              "default": true
            },
            {
              "name": "doc",
              "path": "/nix/store/w2275m44hs4q0mvayqvcx7rylm22nmc3-qpdf-12.3.2-doc"
            },
            {
              "name": "lib",
              "path": "/nix/store/rviigdpk5rw5hj9r96zl86mgk4kpfxyv-qpdf-12.3.2-lib"
            },
            {
              "name": "out",
              "path": "/nix/store/2qly5v322hsgrg80knhjgrs0rp06y44f-qpdf-12.3.2"
            }
          ],
          "store_path": "/nix/store/f2qy0am39n3my1fcx69pp8qj0fyjv5r6-qpdf-12.3.2-bin"
        },
        "x86_64-darwin": {
          "outputs": [
            {
              "name": "bin",
              "path": "/nix/store/kcw5l5jxdyyh9204hnp44203fs36dbzw-qpdf-12.3.2-bin",
              "default": true
            },
            {
              "name": "man",
              "path": "/nix/store/grsjisqvafbscz8pplrnhkr5cr9z9321-qpdf-12.3.2-man",
              "default": true
            },
            {
              "name": "out",
              "path": "/nix/store/4ffz1m1v98wlhyvzwwmw85mvqapbs28s-qpdf-12.3.2"
            },
            {
              "name": "doc",
              "path": "/nix/store/xjpzbykgdmdb9ijvac4nnbc8r3npx3yz-qpdf-12.3.2-doc"
            },
            {
              "name": "lib",
              "path": "/nix/store/pa9jxsg54sblz8j0m6g35ly5mdbvxz2w-qpdf-12.3.2-lib"
            }
          ],
          "store_path": "/nix/store/kcw5l5jxdyyh9204hnp44203fs36dbzw-qpdf-12.3.2-bin"
        },
        "x86_64-linux": {
          "outputs": [
            {
              "name": "bin",
              "path": "/nix/store/idz3hpv1k4vvnc6h1569iwaxpaww2wqm-qpdf-12.3.2-bin",
              "default": true
            },
            {
              "name": "man",
              "path": "/nix/store/k72ai1k27yrl0iaybk9764xwkb1gvsxl-qpdf-12.3.2-man",
              "default": true
            },
            {
              "name": "doc",
              "path": "/nix/store/dc0011nhgf28w48id6j4wgv9zg7i49b5-qpdf-12.3.2-doc"
            },
            {
              "name": "lib",
              "path": "/nix/store/b8hs3k92mkcdxbwishgcmmi3pq4zvg0l-qpdf-12.3.2-lib"
            },
            {
              "name": "out",
              "path": "/nix/store/cwidg78bqc73asdbzv5p67dw0kg4lk2n-qpdf-12.3.2"
            }
          ],
          "store_path": "/nix/store/idz3hpv1k4vvnc6h1569iwaxpaww2wqm-qpdf-12.3.2-bin"
        }
      }
    },
    "wkhtmltopdf-bin@0": {
      "last_modified": "2024-07-07T07:43:47Z",
      "resolved": "github:NixOS/nixpkgs/b60793b86201040d9dee019a05089a9150d08b5b#wkhtmltopdf-bin",
      "source": "devbox-search",
      "version": "0.12.6-3",
      "systems": {
        "x86_64-linux": {
          "outputs": [
            {
              "name": "out",
              "path": "/nix/store/2k9r02kjzr0mm6zdjwsc7gv6pfyhfzzi-wkhtmltopdf-bin-0.12.6-3",
              "default": true
            }
          ],
          "store_path": "/nix/store/2k9r02kjzr0mm6zdjwsc7gv6pfyhfzzi-wkhtmltopdf-bin-0.12.6-3"
        }
      }
    }
  }
}
