{
  "lockfile_version": "1",
  "packages": {
    "gettext@0": {
      "last_modified": "2024-05-22T06:18:38Z",
      "resolved": "github:NixOS/nixpkgs/3f316d2a50699a78afe5e77ca486ad553169061e#gettext",
      "source": "devbox-search",
      "version": "0.21.1",
      "systems": {
        "aarch64-darwin": {
          "outputs": [
            {
              "name": "out",
              "path": "/nix/store/nkzan2y3v2cbx424yl42il9ss1z66z8m-gettext-0.21.1",
              "default": true
            },
            {
              "name": "man",
              "path": "/nix/store/qaqfdqzxfndkhz6mwv637raxv7mcrwia-gettext-0.21.1-man",
              "default": true
            },
            {
              "name": "doc",
              "path": "/nix/store/qsm67lnk8amjhgcydbqyc200r7kvnlny-gettext-0.21.1-doc"
            },
            {
              "name": "info",
              "path": "/nix/store/b8gpic2r2hq03q23247zfn9qsxadcgq6-gettext-0.21.1-info"
            }
          ],
          "store_path": "/nix/store/nkzan2y3v2cbx424yl42il9ss1z66z8m-gettext-0.21.1"
        },
        "aarch64-linux": {
          "outputs": [
            {
              "name": "out",
              "path": "/nix/store/vhim5mxv2wyyh4y01lc2746ax3krfj0n-gettext-0.21.1",
              "default": true
            },
            {
              "name": "man",
              "path": "/nix/store/pii70fanzlxsg1mi77b6wivafn97q94r-gettext-0.21.1-man",
              "default": true
            },
            {
              "name": "doc",
              "path": "/nix/store/q44yx098nf7kwfbhvqcclshwwmv94v39-gettext-0.21.1-doc"
            },
            {
              "name": "info",
              "path": "/nix/store/ncc1jcx6kdpiasp67dc6js0rccwsqmds-gettext-0.21.1-info"
            }
          ],
          "store_path": "/nix/store/vhim5mxv2wyyh4y01lc2746ax3krfj0n-gettext-0.21.1"
        },
        "x86_64-darwin": {
          "outputs": [
            {
              "name": "out",
              "path": "/nix/store/5l5rpfg5irvwqxdb8fch7a8jcw2bpg5w-gettext-0.21.1",
              "default": true
            },
            {
              "name": "man",
              "path": "/nix/store/vvr92pb1j4dy7sgirm8wg5i4iq8pz5q5-gettext-0.21.1-man",
              "default": true
            },
            {
              "name": "info",
              "path": "/nix/store/0n0dr0r4dgg131lkmhn24mfgwfc59dji-gettext-0.21.1-info"
            },
            {
              "name": "doc",
              "path": "/nix/store/qic2s11sfaal1b1j2cv6848y3cfaig0w-gettext-0.21.1-doc"
            }
          ],
          "store_path": "/nix/store/5l5rpfg5irvwqxdb8fch7a8jcw2bpg5w-gettext-0.21.1"
        },
        "x86_64-linux": {
          "outputs": [
            {
              "name": "out",
              "path": "/nix/store/z14w63wj0gk97hr06l76d4s723ynhr2k-gettext-0.21.1",
              "default": true
            },
            {
              "name": "man",
              "path": "/nix/store/y512wgsvq0l46al0a17mbkgj8zsv04na-gettext-0.21.1-man",
              "default": true
            },
            {
              "name": "doc",
              "path": "/nix/store/wls3m5s74qlcrx14v7zvc4qxvmizpa6s-gettext-0.21.1-doc"
            },
            {
              "name": "info",
              "path": "/nix/store/ny3spb4bnrz4jcff5j6z416bjxib2ig6-gettext-0.21.1-info"
            }
          ],
          "store_path": "/nix/store/z14w63wj0gk97hr06l76d4s723ynhr2k-gettext-0.21.1"
        }
      }
    },
    "gh@2": {
      "last_modified": "2024-05-30T12:09:21Z",
      "resolved": "github:NixOS/nixpkgs/aa61b27554a5fc282758bf0324781e3464ef2cde#gh",
      "source": "devbox-search",
      "version": "2.50.0",
      "systems": {
        "aarch64-darwin": {
          "outputs": [
            {
              "name": "out",
              "path": "/nix/store/l55ps1jsnaqzc05nr09r7w4zb6zdk6wx-gh-2.50.0",
              "default": true
            }
          ],
          "store_path": "/nix/store/l55ps1jsnaqzc05nr09r7w4zb6zdk6wx-gh-2.50.0"
        },
        "aarch64-linux": {
          "outputs": [
            {
              "name": "out",
              "path": "/nix/store/4y99sn78r3y92ma33cmmpa66299pmiq9-gh-2.50.0",
              "default": true
            }
          ],
          "store_path": "/nix/store/4y99sn78r3y92ma33cmmpa66299pmiq9-gh-2.50.0"
        },
        "x86_64-darwin": {
          "outputs": [
            {
              "name": "out",
              "path": "/nix/store/zi5mp2902mvkndx66m8i57mqfg026b74-gh-2.50.0",
              "default": true
            }
          ],
          "store_path": "/nix/store/zi5mp2902mvkndx66m8i57mqfg026b74-gh-2.50.0"
        },
        "x86_64-linux": {
          "outputs": [
            {
              "name": "out",
              "path": "/nix/store/flq1szdy6pvm50f348ik03x8058kf0b6-gh-2.50.0",
              "default": true
            }
          ],
          "store_path": "/nix/store/flq1szdy6pvm50f348ik03x8058kf0b6-gh-2.50.0"
        }
      }
    },
    "gojq@0": {
      "last_modified": "2024-06-03T07:19:07Z",
      "resolved": "github:NixOS/nixpkgs/4a4ecb0ab415c9fccfb005567a215e6a9564cdf5#gojq",
      "source": "devbox-search",
      "version": "0.12.16",
      "systems": {
        "aarch64-darwin": {
          "outputs": [
            {
              "name": "out",
              "path": "/nix/store/8rm6055gx3y6rra235b2hi28r0nmv4pw-gojq-0.12.16",
              "default": true
            }
          ],
          "store_path": "/nix/store/8rm6055gx3y6rra235b2hi28r0nmv4pw-gojq-0.12.16"
        },
        "aarch64-linux": {
          "outputs": [
            {
              "name": "out",
              "path": "/nix/store/srywrpsp3bkd0yn37jlkk2r20rwka6pv-gojq-0.12.16",
              "default": true
            }
          ],
          "store_path": "/nix/store/srywrpsp3bkd0yn37jlkk2r20rwka6pv-gojq-0.12.16"
        },
        "x86_64-darwin": {
          "outputs": [
            {
              "name": "out",
              "path": "/nix/store/c452sbn7fbv195s5iv8jac1i924j66jk-gojq-0.12.16",
              "default": true
            }
          ],
          "store_path": "/nix/store/c452sbn7fbv195s5iv8jac1i924j66jk-gojq-0.12.16"
        },
        "x86_64-linux": {
          "outputs": [
            {
              "name": "out",
              "path": "/nix/store/cnvq968dx24xy998kll5hs415iijs7y2-gojq-0.12.16",
              "default": true
            }
          ],
          "store_path": "/nix/store/cnvq968dx24xy998kll5hs415iijs7y2-gojq-0.12.16"
        }
      }
    },
    "gomplate@3": {
      "last_modified": "2024-06-03T15:57:46Z",
      "resolved": "github:NixOS/nixpkgs/d125f0e4d85f1517b639d4a8f848175da46fcd3e#gomplate",
      "source": "devbox-search",
      "version": "3.11.8",
      "systems": {
        "aarch64-darwin": {
          "outputs": [
            {
              "name": "out",
              "path": "/nix/store/pnzhpw9lfh604v49y375rmcgn00nydaq-gomplate-3.11.8",
              "default": true
            }
          ],
          "store_path": "/nix/store/pnzhpw9lfh604v49y375rmcgn00nydaq-gomplate-3.11.8"
        },
        "aarch64-linux": {
          "outputs": [
            {
              "name": "out",
              "path": "/nix/store/9n6ydf0pxsdql2ary9bxcqsrbyxydxzk-gomplate-3.11.8",
              "default": true
            }
          ],
          "store_path": "/nix/store/9n6ydf0pxsdql2ary9bxcqsrbyxydxzk-gomplate-3.11.8"
        },
        "x86_64-darwin": {
          "outputs": [
            {
              "name": "out",
              "path": "/nix/store/ap0wchb4fizva1w2jkvw824c3ik7ibvc-gomplate-3.11.8",
              "default": true
            }
          ],
          "store_path": "/nix/store/ap0wchb4fizva1w2jkvw824c3ik7ibvc-gomplate-3.11.8"
        },
        "x86_64-linux": {
          "outputs": [
            {
              "name": "out",
              "path": "/nix/store/baznpphlwb2gbs4nmd00gfwdrrxhm5hg-gomplate-3.11.8",
              "default": true
            }
          ],
          "store_path": "/nix/store/baznpphlwb2gbs4nmd00gfwdrrxhm5hg-gomplate-3.11.8"
        }
      }
    },
    "nodejs@20": {
      "last_modified": "2024-05-22T06:18:38Z",
      "plugin_version": "0.0.2",
      "resolved": "github:NixOS/nixpkgs/3f316d2a50699a78afe5e77ca486ad553169061e#nodejs_20",
      "source": "devbox-search",
      "version": "20.12.2",
      "systems": {
        "aarch64-darwin": {
          "outputs": [
            {
              "name": "out",
              "path": "/nix/store/bzzs4kvjyvjjhs3rj08vqpvvzmfggvbv-nodejs-20.12.2",
              "default": true
            },
            {
              "name": "libv8",
              "path": "/nix/store/c56874bxzncqwy58kif6wfnzy017v1sl-nodejs-20.12.2-libv8"
            }
          ],
          "store_path": "/nix/store/bzzs4kvjyvjjhs3rj08vqpvvzmfggvbv-nodejs-20.12.2"
        },
        "aarch64-linux": {
          "outputs": [
            {
              "name": "out",
              "path": "/nix/store/y50zafzgnnkrj4hvmk23icv2ggvys8r9-nodejs-20.12.2",
              "default": true
            },
            {
              "name": "libv8",
              "path": "/nix/store/vc7y8h3c8pwbh4zbvjcyfqrd3fhdjhw6-nodejs-20.12.2-libv8"
            }
          ],
          "store_path": "/nix/store/y50zafzgnnkrj4hvmk23icv2ggvys8r9-nodejs-20.12.2"
        },
        "x86_64-darwin": {
          "outputs": [
            {
              "name": "out",
              "path": "/nix/store/l53svh1nfrcb83qbqvrrkangrcl1rr25-nodejs-20.12.2",
              "default": true
            },
            {
              "name": "libv8",
              "path": "/nix/store/q71hh22bfqjygd34gq16dv4dwfc33378-nodejs-20.12.2-libv8"
            }
          ],
          "store_path": "/nix/store/l53svh1nfrcb83qbqvrrkangrcl1rr25-nodejs-20.12.2"
        },
        "x86_64-linux": {
          "outputs": [
            {
              "name": "out",
              "path": "/nix/store/6g9n96qf1yx139xklnmy3v4xhjvjgsji-nodejs-20.12.2",
              "default": true
            },
            {
              "name": "libv8",
              "path": "/nix/store/s7b0dqga0311mvq48mirnlm0p3dr4gm3-nodejs-20.12.2-libv8"
            }
          ],
          "store_path": "/nix/store/6g9n96qf1yx139xklnmy3v4xhjvjgsji-nodejs-20.12.2"
        }
      }
    }
  }
}
