{
  "lockfile_version": "1",
  "packages": {
    "actionlint@1.7.12": {
      "last_modified": "2026-07-23T05:10:05Z",
      "resolved": "github:NixOS/nixpkgs/7525d999cd850b9a488817abc89c75dc733acf17#actionlint",
      "source": "devbox-search",
      "version": "1.7.12",
      "systems": {
        "aarch64-darwin": {
          "outputs": [
            {
              "name": "out",
              "path": "/nix/store/lzmq195syay4hpqcfs2wzgjc8zb3yx3i-actionlint-1.7.12",
              "default": true
            }
          ],
          "store_path": "/nix/store/lzmq195syay4hpqcfs2wzgjc8zb3yx3i-actionlint-1.7.12"
        },
        "aarch64-linux": {
          "outputs": [
            {
              "name": "out",
              "path": "/nix/store/8im85sv1z35jm0qr818pa2wdq8m25n4f-actionlint-1.7.12",
              "default": true
            }
          ],
          "store_path": "/nix/store/8im85sv1z35jm0qr818pa2wdq8m25n4f-actionlint-1.7.12"
        },
        "x86_64-darwin": {
          "outputs": [
            {
              "name": "out",
              "path": "/nix/store/w4rjv0ikr5r5x54w758c8ck2016nmzsx-actionlint-1.7.12",
              "default": true
            }
          ],
          "store_path": "/nix/store/w4rjv0ikr5r5x54w758c8ck2016nmzsx-actionlint-1.7.12"
        },
        "x86_64-linux": {
          "outputs": [
            {
              "name": "out",
              "path": "/nix/store/pihkd9s6gpzbq6zy6ynwqg0iif3hwfdj-actionlint-1.7.12",
              "default": true
            }
          ],
          "store_path": "/nix/store/pihkd9s6gpzbq6zy6ynwqg0iif3hwfdj-actionlint-1.7.12"
        }
      }
    },
    "antlr@4.13.2": {
      "last_modified": "2026-07-23T05:10:05Z",
      "resolved": "github:NixOS/nixpkgs/7525d999cd850b9a488817abc89c75dc733acf17#antlr",
      "source": "devbox-search",
      "version": "4.13.2",
      "systems": {
        "aarch64-darwin": {
          "outputs": [
            {
              "name": "out",
              "path": "/nix/store/wbdqhnnly4qf24bx3pwly7q7mm7i3cdd-antlr-4.13.2",
              "default": true
            }
          ],
          "store_path": "/nix/store/wbdqhnnly4qf24bx3pwly7q7mm7i3cdd-antlr-4.13.2"
        },
        "aarch64-linux": {
          "outputs": [
            {
              "name": "out",
              "path": "/nix/store/ls0dlgpajsl5n61k9g9v6s4f6z56m7y6-antlr-4.13.2",
              "default": true
            }
          ],
          "store_path": "/nix/store/ls0dlgpajsl5n61k9g9v6s4f6z56m7y6-antlr-4.13.2"
        },
        "x86_64-darwin": {
          "outputs": [
            {
              "name": "out",
              "path": "/nix/store/idahhqfr0mnkqvpk34cxl1n1yhj8dd0a-antlr-4.13.2",
              "default": true
            }
          ],
          "store_path": "/nix/store/idahhqfr0mnkqvpk34cxl1n1yhj8dd0a-antlr-4.13.2"
        },
        "x86_64-linux": {
          "outputs": [
            {
              "name": "out",
              "path": "/nix/store/piwiifiwra7q1j9x0pvb1l68ylrghh7p-antlr-4.13.2",
              "default": true
            }
          ],
          "store_path": "/nix/store/piwiifiwra7q1j9x0pvb1l68ylrghh7p-antlr-4.13.2"
        }
      }
    },
    "gettext@1.0": {
      "last_modified": "2026-07-23T05:10:05Z",
      "resolved": "github:NixOS/nixpkgs/7525d999cd850b9a488817abc89c75dc733acf17#gettext",
      "source": "devbox-search",
      "version": "1.0",
      "systems": {
        "aarch64-darwin": {
          "outputs": [
            {
              "name": "out",
              "path": "/nix/store/pwsnwk78m2i31m9bphnvqmb4nc853kn4-gettext-1.0",
              "default": true
            },
            {
              "name": "man",
              "path": "/nix/store/dc9q1qxygmh3w169jhvv99z0lfxgdh46-gettext-1.0-man",
              "default": true
            },
            {
              "name": "info",
              "path": "/nix/store/x1yi1cyd69habas4ps2bv5y1lpyz55jz-gettext-1.0-info"
            },
            {
              "name": "doc",
              "path": "/nix/store/vj3f16x05b46fg6263cifa8vaznfwyll-gettext-1.0-doc"
            }
          ],
          "store_path": "/nix/store/pwsnwk78m2i31m9bphnvqmb4nc853kn4-gettext-1.0"
        },
        "aarch64-linux": {
          "outputs": [
            {
              "name": "out",
              "path": "/nix/store/2ar00nxlwrmnlznqdj02ki7qifww2ksq-gettext-1.0",
              "default": true
            },
            {
              "name": "man",
              "path": "/nix/store/45ibci6ffz1wjvhjj1lx8zg1wm3fqny4-gettext-1.0-man",
              "default": true
            },
            {
              "name": "doc",
              "path": "/nix/store/wf4hqr011znikw9jian3gfnnqi9ny16x-gettext-1.0-doc"
            },
            {
              "name": "info",
              "path": "/nix/store/pdwkm850rwrksxjll67cmmsn5iyc3ak7-gettext-1.0-info"
            }
          ],
          "store_path": "/nix/store/2ar00nxlwrmnlznqdj02ki7qifww2ksq-gettext-1.0"
        },
        "x86_64-darwin": {
          "outputs": [
            {
              "name": "out",
              "path": "/nix/store/9mxzw5vwn99vx2b74ipjzk8x4b784fjy-gettext-1.0",
              "default": true
            },
            {
              "name": "man",
              "path": "/nix/store/r87hlf9pn8q3a8rnplzhy9lbgaadqcr8-gettext-1.0-man",
              "default": true
            },
            {
              "name": "doc",
              "path": "/nix/store/xmssbi5i2w3fv67hrv6c29wdiv8gxywi-gettext-1.0-doc"
            },
            {
              "name": "info",
              "path": "/nix/store/j4lz4zqicd1mw2l5c272ialxhl0nkc0b-gettext-1.0-info"
            }
          ],
          "store_path": "/nix/store/9mxzw5vwn99vx2b74ipjzk8x4b784fjy-gettext-1.0"
        },
        "x86_64-linux": {
          "outputs": [
            {
              "name": "out",
              "path": "/nix/store/infvp3l4db6n0cpspv3am7n64a82lbk6-gettext-1.0",
              "default": true
            },
            {
              "name": "man",
              "path": "/nix/store/5n5qhpg1f776g3jvxm6xdgcsia2w2d4p-gettext-1.0-man",
              "default": true
            },
            {
              "name": "doc",
              "path": "/nix/store/9rasfd09gshg1cr3q41lpsdad962lapy-gettext-1.0-doc"
            },
            {
              "name": "info",
              "path": "/nix/store/6dv3cv267zcs08l5cqdjw3g9h8r1msqi-gettext-1.0-info"
            }
          ],
          "store_path": "/nix/store/infvp3l4db6n0cpspv3am7n64a82lbk6-gettext-1.0"
        }
      }
    },
    "gh@2.97.0": {
      "last_modified": "2026-08-01T16:34:20Z",
      "resolved": "github:NixOS/nixpkgs/a5cbcfe954791221bfffe2307f7d1a1bf61a871e#gh",
      "source": "devbox-search",
      "version": "2.97.0",
      "systems": {
        "aarch64-darwin": {
          "outputs": [
            {
              "name": "out",
              "path": "/nix/store/9q6i0m1x1wx24vknbs3iglvnr5aw1hxb-gh-2.97.0",
              "default": true
            }
          ],
          "store_path": "/nix/store/9q6i0m1x1wx24vknbs3iglvnr5aw1hxb-gh-2.97.0"
        },
        "aarch64-linux": {
          "outputs": [
            {
              "name": "out",
              "path": "/nix/store/8zf6nxnc574nlipbhq4z46ij22hqd9ac-gh-2.97.0",
              "default": true
            }
          ],
          "store_path": "/nix/store/8zf6nxnc574nlipbhq4z46ij22hqd9ac-gh-2.97.0"
        },
        "x86_64-linux": {
          "outputs": [
            {
              "name": "out",
              "path": "/nix/store/7ayrbzjnm88xn12lfv99c1sqprlc2bwr-gh-2.97.0",
              "default": true
            }
          ],
          "store_path": "/nix/store/7ayrbzjnm88xn12lfv99c1sqprlc2bwr-gh-2.97.0"
        }
      }
    },
    "github:NixOS/nixpkgs/nixpkgs-unstable": {
      "last_modified": "2026-07-24T05:48:35Z",
      "resolved": "github:NixOS/nixpkgs/335f0738cb2fa9708f3f428e39d2eae975d1338d?lastModified=1784872115&narHash=sha256-THPEF2po0fsoH8gNtp%2BAe0XFDJH3N%2Fol7xO3v6VMTJU%3D"
    },
    "gojq@0.12.19": {
      "last_modified": "2026-07-23T05:10:05Z",
      "resolved": "github:NixOS/nixpkgs/7525d999cd850b9a488817abc89c75dc733acf17#gojq",
      "source": "devbox-search",
      "version": "0.12.19",
      "systems": {
        "aarch64-darwin": {
          "outputs": [
            {
              "name": "out",
              "path": "/nix/store/3xaxpgrpiw3vzam8nq5vfky6dq8a7qw8-gojq-0.12.19",
              "default": true
            }
          ],
          "store_path": "/nix/store/3xaxpgrpiw3vzam8nq5vfky6dq8a7qw8-gojq-0.12.19"
        },
        "aarch64-linux": {
          "outputs": [
            {
              "name": "out",
              "path": "/nix/store/gbxjrcpxa660bdr5vf9y7g6lmbr38j99-gojq-0.12.19",
              "default": true
            }
          ],
          "store_path": "/nix/store/gbxjrcpxa660bdr5vf9y7g6lmbr38j99-gojq-0.12.19"
        },
        "x86_64-darwin": {
          "outputs": [
            {
              "name": "out",
              "path": "/nix/store/vcwj338qdkq53yncxk07snw8dfg0x8kp-gojq-0.12.19",
              "default": true
            }
          ],
          "store_path": "/nix/store/vcwj338qdkq53yncxk07snw8dfg0x8kp-gojq-0.12.19"
        },
        "x86_64-linux": {
          "outputs": [
            {
              "name": "out",
              "path": "/nix/store/v697bf3siaimcpqbzmgs2kh8dn9rlr7a-gojq-0.12.19",
              "default": true
            }
          ],
          "store_path": "/nix/store/v697bf3siaimcpqbzmgs2kh8dn9rlr7a-gojq-0.12.19"
        }
      }
    },
    "nodejs@24.12.0": {
      "last_modified": "2025-12-29T16:45:58Z",
      "plugin_version": "0.0.4",
      "resolved": "github:NixOS/nixpkgs/346dd96ad74dc4457a9db9de4f4f57dab2e5731d#nodejs_24",
      "source": "devbox-search",
      "version": "24.12.0",
      "systems": {
        "aarch64-darwin": {
          "outputs": [
            {
              "name": "out",
              "path": "/nix/store/b1h0af3yb3z9jz048phclcqw6ihiww67-nodejs-24.12.0",
              "default": true
            },
            {
              "name": "dev",
              "path": "/nix/store/ksn4nj0nbp0ikmh4scy9x4biqqdswwhy-nodejs-24.12.0-dev"
            },
            {
              "name": "libv8",
              "path": "/nix/store/3x72bm7l30ib7l7cximrp0sklcq8jqwy-nodejs-24.12.0-libv8"
            }
          ],
          "store_path": "/nix/store/b1h0af3yb3z9jz048phclcqw6ihiww67-nodejs-24.12.0"
        },
        "aarch64-linux": {
          "outputs": [
            {
              "name": "out",
              "path": "/nix/store/9jfsyhcr9c6rpm94lrkibv75jkggvwss-nodejs-24.12.0",
              "default": true
            },
            {
              "name": "dev",
              "path": "/nix/store/7izhv9x1yvsmyrhmmyps6bxjjclajm80-nodejs-24.12.0-dev"
            },
            {
              "name": "libv8",
              "path": "/nix/store/8hl74pnc1qyz68rg10ixw7fz32hcxqkk-nodejs-24.12.0-libv8"
            }
          ],
          "store_path": "/nix/store/9jfsyhcr9c6rpm94lrkibv75jkggvwss-nodejs-24.12.0"
        },
        "x86_64-darwin": {
          "outputs": [
            {
              "name": "out",
              "path": "/nix/store/cj1243xswxvnwgifyiyg8axhn0r2vl48-nodejs-24.12.0",
              "default": true
            },
            {
              "name": "dev",
              "path": "/nix/store/kzia3rkaf9vwpn3py23q9v49jpjm6zx7-nodejs-24.12.0-dev"
            },
            {
              "name": "libv8",
              "path": "/nix/store/xszji81xj7ghjhz7jk0jkhb84nfwyd8f-nodejs-24.12.0-libv8"
            }
          ],
          "store_path": "/nix/store/cj1243xswxvnwgifyiyg8axhn0r2vl48-nodejs-24.12.0"
        },
        "x86_64-linux": {
          "outputs": [
            {
              "name": "out",
              "path": "/nix/store/9z1v3wyrxp6fpyzw21lcakd5w7aknzyc-nodejs-24.12.0",
              "default": true
            },
            {
              "name": "libv8",
              "path": "/nix/store/5yvx909wlis13qd2y1ahwl7ij21ma69a-nodejs-24.12.0-libv8"
            },
            {
              "name": "dev",
              "path": "/nix/store/7ll99p08gmpg0n048669p80zjibl5akr-nodejs-24.12.0-dev"
            }
          ],
          "store_path": "/nix/store/9z1v3wyrxp6fpyzw21lcakd5w7aknzyc-nodejs-24.12.0"
        }
      }
    },
    "openspec@1.7.0": {
      "last_modified": "2026-08-01T16:34:20Z",
      "resolved": "github:NixOS/nixpkgs/a5cbcfe954791221bfffe2307f7d1a1bf61a871e#openspec",
      "source": "devbox-search",
      "version": "1.7.0",
      "systems": {
        "aarch64-darwin": {
          "outputs": [
            {
              "name": "out",
              "path": "/nix/store/633ws1bxnblp6kwjw6b1ix4yw5k4k8qn-openspec-1.7.0",
              "default": true
            }
          ],
          "store_path": "/nix/store/633ws1bxnblp6kwjw6b1ix4yw5k4k8qn-openspec-1.7.0"
        },
        "aarch64-linux": {
          "outputs": [
            {
              "name": "out",
              "path": "/nix/store/d7ryi8bdp708dcyvj213cci858npsvrl-openspec-1.7.0",
              "default": true
            }
          ],
          "store_path": "/nix/store/d7ryi8bdp708dcyvj213cci858npsvrl-openspec-1.7.0"
        },
        "x86_64-linux": {
          "outputs": [
            {
              "name": "out",
              "path": "/nix/store/xmikam0l3r5lww2n4gl1lkfcff3rjjqv-openspec-1.7.0",
              "default": true
            }
          ],
          "store_path": "/nix/store/xmikam0l3r5lww2n4gl1lkfcff3rjjqv-openspec-1.7.0"
        }
      }
    },
    "yq-go@4.53.3": {
      "last_modified": "2026-07-23T05:10:05Z",
      "resolved": "github:NixOS/nixpkgs/7525d999cd850b9a488817abc89c75dc733acf17#yq-go",
      "source": "devbox-search",
      "version": "4.53.3",
      "systems": {
        "aarch64-darwin": {
          "outputs": [
            {
              "name": "out",
              "path": "/nix/store/0vsha68zmnrysjsy3szkpvscqkm2qplp-yq-go-4.53.3",
              "default": true
            }
          ],
          "store_path": "/nix/store/0vsha68zmnrysjsy3szkpvscqkm2qplp-yq-go-4.53.3"
        },
        "aarch64-linux": {
          "outputs": [
            {
              "name": "out",
              "path": "/nix/store/wflw43nbb0jb7ddncklryi3yx0ai7cgf-yq-go-4.53.3",
              "default": true
            }
          ],
          "store_path": "/nix/store/wflw43nbb0jb7ddncklryi3yx0ai7cgf-yq-go-4.53.3"
        },
        "x86_64-darwin": {
          "outputs": [
            {
              "name": "out",
              "path": "/nix/store/agf9fyr053m3092vsmh6vih3apz0kw05-yq-go-4.53.3",
              "default": true
            }
          ],
          "store_path": "/nix/store/agf9fyr053m3092vsmh6vih3apz0kw05-yq-go-4.53.3"
        },
        "x86_64-linux": {
          "outputs": [
            {
              "name": "out",
              "path": "/nix/store/mr1a1d7yzvg7x8vc11gj3cfiykr8wjx3-yq-go-4.53.3",
              "default": true
            }
          ],
          "store_path": "/nix/store/mr1a1d7yzvg7x8vc11gj3cfiykr8wjx3-yq-go-4.53.3"
        }
      }
    }
  }
}
